
Microsoft Visual Studio Solution File, Format Version 12.00
# Visual Studio Version 17
VisualStudioVersion = 17.14.36221.1
MinimumVisualStudioVersion = 10.0.40219.1
Project("{2150E333-8FDC-42A3-9474-1A3956D46DE8}") = "01.Library", "01.Library", "{C8D5274F-AC00-46C7-1F8D-E88E81087A52}"
EndProject
Project("{2150E333-8FDC-42A3-9474-1A3956D46DE8}") = "05.Tools", "05.Tools", "{1F1A0271-6355-46FD-8B1E-D7C7485C9013}"
EndProject
Project("{2150E333-8FDC-42A3-9474-1A3956D46DE8}") = "04.Databases", "04.Databases", "{E357E4A0-A67E-4478-832E-94B91A4294F2}"
EndProject
Project("{2150E333-8FDC-42A3-9474-1A3956D46DE8}") = "99.Tests", "99.Tests", "{F5F9E931-7D29-40C7-98DE-5ADF783BA5B8}"
EndProject
Project("{2150E333-8FDC-42A3-9474-1A3956D46DE8}") = "솔루션 항목", "솔루션 항목", "{2A3A057F-5D22-31FD-628C-DF5EF75AEF1E}"
	ProjectSection(SolutionItems) = preProject
		CLAUDE.md = CLAUDE.md
		Configuration.Copy.props = Configuration.Copy.props
		Directory.Build.props = Directory.Build.props
		Directory.Packages.props = Directory.Packages.props
	EndProjectSection
EndProject
Project("{2150E333-8FDC-42A3-9474-1A3956D46DE8}") = "02.UI", "02.UI", "{48A9BEC1-01E3-4A05-8785-15F6EBE8CE0B}"
EndProject
Project("{FAE04EC0-301F-11D3-BF4B-00C04F79EFBC}") = "Ng.Domain", "Source\01.Library\Ng.Domain\Ng.Domain.csproj", "{C406BF3B-81E8-4D8E-97E2-652905DE403A}"
EndProject
Project("{FAE04EC0-301F-11D3-BF4B-00C04F79EFBC}") = "Ng.Application", "Source\01.Library\Ng.Application\Ng.Application.csproj", "{E0435716-0EFA-B1F9-3C33-914A964EA05B}"
EndProject
Project("{FAE04EC0-301F-11D3-BF4B-00C04F79EFBC}") = "Ng.Infrastructure", "Source\01.Library\Ng.Infrastructure\Ng.Infrastructure.csproj", "{DD3F59CE-6EAE-9B39-DBFC-95C37D32A10F}"
EndProject
Project("{00D1A9C2-B5F0-4AF3-8072-F6C62B433612}") = "Database.Main", "Source\04.Databases\Database.Main\Database.Main.sqlproj", "{8A2DCA74-0266-4DFE-B988-FAA78FB9AC6B}"
EndProject
Project("{2150E333-8FDC-42A3-9474-1A3956D46DE8}") = "03.Web", "03.Web", "{F2C2A9BB-5DF8-4359-A3F2-634AFACCB6BC}"
EndProject
Project("{FAE04EC0-301F-11D3-BF4B-00C04F79EFBC}") = "Generator.Database", "Source\05.Tools\Generator.Database\Generator.Database.csproj", "{8E4F2746-4403-C4FF-B215-650B9ECC6A4F}"
EndProject
Project("{FAE04EC0-301F-11D3-BF4B-00C04F79EFBC}") = "Ng.Shared", "Source\01.Library\Ng.Shared\Ng.Shared\Ng.Shared.csproj", "{2DBDB0CE-9042-4440-8120-FEEA7A39A688}"
EndProject
Project("{FAE04EC0-301F-11D3-BF4B-00C04F79EFBC}") = "Ng.Components", "Source\02.UI\Ng.Components\Ng.Components.csproj", "{95C885A8-406B-9ED5-6769-1B08E9B5490E}"
EndProject
Project("{FAE04EC0-301F-11D3-BF4B-00C04F79EFBC}") = "Solution.AppHost", "Source\Solution.AppHost\Solution.AppHost.csproj", "{B525FFDA-84D7-1DE6-CC54-B16AAC0D0C0F}"
EndProject
Project("{FAE04EC0-301F-11D3-BF4B-00C04F79EFBC}") = "Solution.ServiceDefaults", "Source\Solution.ServiceDefaults\Solution.ServiceDefaults.csproj", "{B189C638-B7EA-1ADA-4411-58AC53D2C736}"
EndProject
Project("{FAE04EC0-301F-11D3-BF4B-00C04F79EFBC}") = "Ng.Web.Admin", "Source\03.Web\Ng.Web.Admin\Ng.Web.Admin.csproj", "{11173CA4-720E-E38B-B487-54D6DE32D4D9}"
EndProject
Project("{FAE04EC0-301F-11D3-BF4B-00C04F79EFBC}") = "Ng.Web.Portal", "Source\03.Web\Ng.Web.Portal\Ng.Web.Portal\Ng.Web.Portal.csproj", "{FBE2FC2F-E8DD-C354-DF57-1D5E82496580}"
EndProject
Project("{FAE04EC0-301F-11D3-BF4B-00C04F79EFBC}") = "Ng.Web.Portal.Client", "Source\03.Web\Ng.Web.Portal\Ng.Web.Portal.Client\Ng.Web.Portal.Client.csproj", "{F1E76424-CEBC-D9F3-C525-A663C1F39ADE}"
EndProject
Project("{FAE04EC0-301F-11D3-BF4B-00C04F79EFBC}") = "Ng.Server", "Source\03.Web\Ng.Server\Ng.Server.csproj", "{10B97E53-7815-16E9-3FF9-CD6C0E18A9D7}"
EndProject
Project("{FAE04EC0-301F-11D3-BF4B-00C04F79EFBC}") = "Ng.Tests.Unit", "Source\99.Tests\Ng.Tests.Unit\Ng.Tests.Unit.csproj", "{9F895D8A-7CA2-42AF-8518-1BA0FDA34D08}"
EndProject
Project("{FAE04EC0-301F-11D3-BF4B-00C04F79EFBC}") = "Ng.Tests.Integration", "Source\99.Tests\Ng.Tests.Integration\Ng.Tests.Integration.csproj", "{37C47C1F-5BCA-4398-B99F-BBEA2F1830FE}"
EndProject
Global
	GlobalSection(SolutionConfigurationPlatforms) = preSolution
		Debug|Any CPU = Debug|Any CPU
		Release|Any CPU = Release|Any CPU
	EndGlobalSection
	GlobalSection(ProjectConfigurationPlatforms) = postSolution
		{C406BF3B-81E8-4D8E-97E2-652905DE403A}.Debug|Any CPU.ActiveCfg = Debug|Any CPU
		{C406BF3B-81E8-4D8E-97E2-652905DE403A}.Debug|Any CPU.Build.0 = Debug|Any CPU
		{C406BF3B-81E8-4D8E-97E2-652905DE403A}.Release|Any CPU.ActiveCfg = Release|Any CPU
		{C406BF3B-81E8-4D8E-97E2-652905DE403A}.Release|Any CPU.Build.0 = Release|Any CPU
		{E0435716-0EFA-B1F9-3C33-914A964EA05B}.Debug|Any CPU.ActiveCfg = Debug|Any CPU
		{E0435716-0EFA-B1F9-3C33-914A964EA05B}.Debug|Any CPU.Build.0 = Debug|Any CPU
		{E0435716-0EFA-B1F9-3C33-914A964EA05B}.Release|Any CPU.ActiveCfg = Release|Any CPU
		{E0435716-0EFA-B1F9-3C33-914A964EA05B}.Release|Any CPU.Build.0 = Release|Any CPU
		{DD3F59CE-6EAE-9B39-DBFC-95C37D32A10F}.Debug|Any CPU.ActiveCfg = Debug|Any CPU
		{DD3F59CE-6EAE-9B39-DBFC-95C37D32A10F}.Debug|Any CPU.Build.0 = Debug|Any CPU
		{DD3F59CE-6EAE-9B39-DBFC-95C37D32A10F}.Release|Any CPU.ActiveCfg = Release|Any CPU
		{DD3F59CE-6EAE-9B39-DBFC-95C37D32A10F}.Release|Any CPU.Build.0 = Release|Any CPU
		{8A2DCA74-0266-4DFE-B988-FAA78FB9AC6B}.Debug|Any CPU.ActiveCfg = Debug|Any CPU
		{8A2DCA74-0266-4DFE-B988-FAA78FB9AC6B}.Debug|Any CPU.Build.0 = Debug|Any CPU
		{8A2DCA74-0266-4DFE-B988-FAA78FB9AC6B}.Debug|Any CPU.Deploy.0 = Debug|Any CPU
		{8A2DCA74-0266-4DFE-B988-FAA78FB9AC6B}.Release|Any CPU.ActiveCfg = Release|Any CPU
		{8A2DCA74-0266-4DFE-B988-FAA78FB9AC6B}.Release|Any CPU.Build.0 = Release|Any CPU
		{8A2DCA74-0266-4DFE-B988-FAA78FB9AC6B}.Release|Any CPU.Deploy.0 = Release|Any CPU
		{8E4F2746-4403-C4FF-B215-650B9ECC6A4F}.Debug|Any CPU.ActiveCfg = Debug|Any CPU
		{8E4F2746-4403-C4FF-B215-650B9ECC6A4F}.Debug|Any CPU.Build.0 = Debug|Any CPU
		{8E4F2746-4403-C4FF-B215-650B9ECC6A4F}.Release|Any CPU.ActiveCfg = Release|Any CPU
		{8E4F2746-4403-C4FF-B215-650B9ECC6A4F}.Release|Any CPU.Build.0 = Release|Any CPU
		{2DBDB0CE-9042-4440-8120-FEEA7A39A688}.Debug|Any CPU.ActiveCfg = Debug|Any CPU
		{2DBDB0CE-9042-4440-8120-FEEA7A39A688}.Debug|Any CPU.Build.0 = Debug|Any CPU
		{2DBDB0CE-9042-4440-8120-FEEA7A39A688}.Release|Any CPU.ActiveCfg = Release|Any CPU
		{2DBDB0CE-9042-4440-8120-FEEA7A39A688}.Release|Any CPU.Build.0 = Release|Any CPU
		{95C885A8-406B-9ED5-6769-1B08E9B5490E}.Debug|Any CPU.ActiveCfg = Debug|Any CPU
		{95C885A8-406B-9ED5-6769-1B08E9B5490E}.Debug|Any CPU.Build.0 = Debug|Any CPU
		{95C885A8-406B-9ED5-6769-1B08E9B5490E}.Release|Any CPU.ActiveCfg = Release|Any CPU
		{95C885A8-406B-9ED5-6769-1B08E9B5490E}.Release|Any CPU.Build.0 = Release|Any CPU
		{B525FFDA-84D7-1DE6-CC54-B16AAC0D0C0F}.Debug|Any CPU.ActiveCfg = Debug|Any CPU
		{B525FFDA-84D7-1DE6-CC54-B16AAC0D0C0F}.Debug|Any CPU.Build.0 = Debug|Any CPU
		{B525FFDA-84D7-1DE6-CC54-B16AAC0D0C0F}.Release|Any CPU.ActiveCfg = Release|Any CPU
		{B525FFDA-84D7-1DE6-CC54-B16AAC0D0C0F}.Release|Any CPU.Build.0 = Release|Any CPU
		{B189C638-B7EA-1ADA-4411-58AC53D2C736}.Debug|Any CPU.ActiveCfg = Debug|Any CPU
		{B189C638-B7EA-1ADA-4411-58AC53D2C736}.Debug|Any CPU.Build.0 = Debug|Any CPU
		{B189C638-B7EA-1ADA-4411-58AC53D2C736}.Release|Any CPU.ActiveCfg = Release|Any CPU
		{B189C638-B7EA-1ADA-4411-58AC53D2C736}.Release|Any CPU.Build.0 = Release|Any CPU
		{11173CA4-720E-E38B-B487-54D6DE32D4D9}.Debug|Any CPU.ActiveCfg = Debug|Any CPU
		{11173CA4-720E-E38B-B487-54D6DE32D4D9}.Debug|Any CPU.Build.0 = Debug|Any CPU
		{11173CA4-720E-E38B-B487-54D6DE32D4D9}.Release|Any CPU.ActiveCfg = Release|Any CPU
		{11173CA4-720E-E38B-B487-54D6DE32D4D9}.Release|Any CPU.Build.0 = Release|Any CPU
		{FBE2FC2F-E8DD-C354-DF57-1D5E82496580}.Debug|Any CPU.ActiveCfg = Debug|Any CPU
		{FBE2FC2F-E8DD-C354-DF57-1D5E82496580}.Debug|Any CPU.Build.0 = Debug|Any CPU
		{FBE2FC2F-E8DD-C354-DF57-1D5E82496580}.Release|Any CPU.ActiveCfg = Release|Any CPU
		{FBE2FC2F-E8DD-C354-DF57-1D5E82496580}.Release|Any CPU.Build.0 = Release|Any CPU
		{F1E76424-CEBC-D9F3-C525-A663C1F39ADE}.Debug|Any CPU.ActiveCfg = Debug|Any CPU
		{F1E76424-CEBC-D9F3-C525-A663C1F39ADE}.Debug|Any CPU.Build.0 = Debug|Any CPU
		{F1E76424-CEBC-D9F3-C525-A663C1F39ADE}.Release|Any CPU.ActiveCfg = Release|Any CPU
		{F1E76424-CEBC-D9F3-C525-A663C1F39ADE}.Release|Any CPU.Build.0 = Release|Any CPU
		{10B97E53-7815-16E9-3FF9-CD6C0E18A9D7}.Debug|Any CPU.ActiveCfg = Debug|Any CPU
		{10B97E53-7815-16E9-3FF9-CD6C0E18A9D7}.Debug|Any CPU.Build.0 = Debug|Any CPU
		{10B97E53-7815-16E9-3FF9-CD6C0E18A9D7}.Release|Any CPU.ActiveCfg = Release|Any CPU
		{10B97E53-7815-16E9-3FF9-CD6C0E18A9D7}.Release|Any CPU.Build.0 = Release|Any CPU
		{9F895D8A-7CA2-42AF-8518-1BA0FDA34D08}.Debug|Any CPU.ActiveCfg = Debug|Any CPU
		{9F895D8A-7CA2-42AF-8518-1BA0FDA34D08}.Debug|Any CPU.Build.0 = Debug|Any CPU
		{9F895D8A-7CA2-42AF-8518-1BA0FDA34D08}.Release|Any CPU.ActiveCfg = Release|Any CPU
		{9F895D8A-7CA2-42AF-8518-1BA0FDA34D08}.Release|Any CPU.Build.0 = Release|Any CPU
		{37C47C1F-5BCA-4398-B99F-BBEA2F1830FE}.Debug|Any CPU.ActiveCfg = Debug|Any CPU
		{37C47C1F-5BCA-4398-B99F-BBEA2F1830FE}.Debug|Any CPU.Build.0 = Debug|Any CPU
		{37C47C1F-5BCA-4398-B99F-BBEA2F1830FE}.Release|Any CPU.ActiveCfg = Release|Any CPU
		{37C47C1F-5BCA-4398-B99F-BBEA2F1830FE}.Release|Any CPU.Build.0 = Release|Any CPU
	EndGlobalSection
	GlobalSection(SolutionProperties) = preSolution
		HideSolutionNode = FALSE
	EndGlobalSection
	GlobalSection(NestedProjects) = preSolution
		{C406BF3B-81E8-4D8E-97E2-652905DE403A} = {C8D5274F-AC00-46C7-1F8D-E88E81087A52}
		{E0435716-0EFA-B1F9-3C33-914A964EA05B} = {C8D5274F-AC00-46C7-1F8D-E88E81087A52}
		{DD3F59CE-6EAE-9B39-DBFC-95C37D32A10F} = {C8D5274F-AC00-46C7-1F8D-E88E81087A52}
		{8A2DCA74-0266-4DFE-B988-FAA78FB9AC6B} = {E357E4A0-A67E-4478-832E-94B91A4294F2}
		{8E4F2746-4403-C4FF-B215-650B9ECC6A4F} = {1F1A0271-6355-46FD-8B1E-D7C7485C9013}
		{2DBDB0CE-9042-4440-8120-FEEA7A39A688} = {C8D5274F-AC00-46C7-1F8D-E88E81087A52}
		{95C885A8-406B-9ED5-6769-1B08E9B5490E} = {48A9BEC1-01E3-4A05-8785-15F6EBE8CE0B}
		{B525FFDA-84D7-1DE6-CC54-B16AAC0D0C0F} = {2A3A057F-5D22-31FD-628C-DF5EF75AEF1E}
		{B189C638-B7EA-1ADA-4411-58AC53D2C736} = {2A3A057F-5D22-31FD-628C-DF5EF75AEF1E}
		{11173CA4-720E-E38B-B487-54D6DE32D4D9} = {F2C2A9BB-5DF8-4359-A3F2-634AFACCB6BC}
		{FBE2FC2F-E8DD-C354-DF57-1D5E82496580} = {F2C2A9BB-5DF8-4359-A3F2-634AFACCB6BC}
		{F1E76424-CEBC-D9F3-C525-A663C1F39ADE} = {F2C2A9BB-5DF8-4359-A3F2-634AFACCB6BC}
		{10B97E53-7815-16E9-3FF9-CD6C0E18A9D7} = {F2C2A9BB-5DF8-4359-A3F2-634AFACCB6BC}
		{9F895D8A-7CA2-42AF-8518-1BA0FDA34D08} = {F5F9E931-7D29-40C7-98DE-5ADF783BA5B8}
		{37C47C1F-5BCA-4398-B99F-BBEA2F1830FE} = {F5F9E931-7D29-40C7-98DE-5ADF783BA5B8}
	EndGlobalSection
	GlobalSection(ExtensibilityGlobals) = postSolution
		SolutionGuid = {031CA305-82C9-4964-B616-EA2C41CED2CE}
	EndGlobalSection
EndGlobal
